
Microsoft Visual Studio Solution File, Format Version 12.00
# Visual Studio Version 17
VisualStudioVersion = 17.11.35312.102
MinimumVisualStudioVersion = 10.0.40219.1
Project("{FAE04EC0-301F-11D3-BF4B-00C04F79EFBC}") = "DbHandler", "DbHandler\DbHandler.csproj", "{4E1F0B6C-9689-4498-AAC5-335F79EC051A}"
EndProject
Global
	GlobalSection(SolutionConfigurationPlatforms) = preSolution
		Debug|Any CPU = Debug|Any CPU
		Release|Any CPU = Release|Any CPU
	EndGlobalSection
	GlobalSection(ProjectConfigurationPlatforms) = postSolution
		{4E1F0B6C-9689-4498-AAC5-335F79EC051A}.Debug|Any CPU.ActiveCfg = Debug|Any CPU
		{4E1F0B6C-9689-4498-AAC5-335F79EC051A}.Debug|Any CPU.Build.0 = Debug|Any CPU
		{4E1F0B6C-9689-4498-AAC5-335F79EC051A}.Release|Any CPU.ActiveCfg = Release|Any CPU
		{4E1F0B6C-9689-4498-AAC5-335F79EC051A}.Release|Any CPU.Build.0 = Release|Any CPU
	EndGlobalSection
	GlobalSection(SolutionProperties) = preSolution
		HideSolutionNode = FALSE
	EndGlobalSection
	GlobalSection(ExtensibilityGlobals) = postSolution
		SolutionGuid = {8E9CEF28-ECC1-488B-B3F9-A12775B88117}
	EndGlobalSection
EndGlobal
